
Microsoft Visual Studio Solution File, Format Version 12.00
# Visual Studio 15
VisualStudioVersion = 15.0.27428.2043
MinimumVisualStudioVersion = 10.0.40219.1
Project("{FAE04EC0-301F-11D3-BF4B-00C04F79EFBC}") = "XGamer.UI.WPF", "src\XGamer.UI.WPF\XGamer.UI.WPF.csproj", "{D193B17D-FD9B-4507-BFFD-20B5D4DA089D}"
EndProject
Project("{2150E333-8FDC-42A3-9474-1A3956D46DE8}") = "Solution Items", "Solution Items", "{5376D122-8FA2-432F-8C30-29BB77EFE41B}"
	ProjectSection(SolutionItems) = preProject
		src\Common\GlobalAssemblyInfo.cs = src\Common\GlobalAssemblyInfo.cs
	EndProjectSection
EndProject
Project("{FAE04EC0-301F-11D3-BF4B-00C04F79EFBC}") = "XGamer.Data.Entities", "src\XGamer.Data\XGamer.Data.Entities.csproj", "{C09123A2-161A-4E7B-BC74-6D2B996F248C}"
EndProject
Project("{FAE04EC0-301F-11D3-BF4B-00C04F79EFBC}") = "XGamer.Core", "src\XGamer.Core\XGamer.Core.csproj", "{25C9C86F-7DB3-4A5B-BABF-3343AA9A5246}"
EndProject
Project("{FAE04EC0-301F-11D3-BF4B-00C04F79EFBC}") = "XGamer.Data.Core", "src\XGamer.Data.Core\XGamer.Data.Core.csproj", "{A821C77A-C071-4A62-BC17-B09E50E322AB}"
EndProject
Project("{FAE04EC0-301F-11D3-BF4B-00C04F79EFBC}") = "XGamer.Data.EF", "src\XGamer.Data.EF\XGamer.Data.EF.csproj", "{6BCA1952-7A73-4A6B-ABB3-DCBE1C25BCF0}"
EndProject
Global
	GlobalSection(SolutionConfigurationPlatforms) = preSolution
		Debug|Any CPU = Debug|Any CPU
		Debug|Mixed Platforms = Debug|Mixed Platforms
		Debug|x86 = Debug|x86
		Release|Any CPU = Release|Any CPU
		Release|Mixed Platforms = Release|Mixed Platforms
		Release|x86 = Release|x86
	EndGlobalSection
	GlobalSection(ProjectConfigurationPlatforms) = postSolution
		{D193B17D-FD9B-4507-BFFD-20B5D4DA089D}.Debug|Any CPU.ActiveCfg = Debug|x86
		{D193B17D-FD9B-4507-BFFD-20B5D4DA089D}.Debug|Mixed Platforms.ActiveCfg = Debug|x86
		{D193B17D-FD9B-4507-BFFD-20B5D4DA089D}.Debug|Mixed Platforms.Build.0 = Debug|x86
		{D193B17D-FD9B-4507-BFFD-20B5D4DA089D}.Debug|x86.ActiveCfg = Debug|x86
		{D193B17D-FD9B-4507-BFFD-20B5D4DA089D}.Debug|x86.Build.0 = Debug|x86
		{D193B17D-FD9B-4507-BFFD-20B5D4DA089D}.Release|Any CPU.ActiveCfg = Release|x86
		{D193B17D-FD9B-4507-BFFD-20B5D4DA089D}.Release|Mixed Platforms.ActiveCfg = Release|x86
		{D193B17D-FD9B-4507-BFFD-20B5D4DA089D}.Release|Mixed Platforms.Build.0 = Release|x86
		{D193B17D-FD9B-4507-BFFD-20B5D4DA089D}.Release|x86.ActiveCfg = Release|x86
		{D193B17D-FD9B-4507-BFFD-20B5D4DA089D}.Release|x86.Build.0 = Release|x86
		{C09123A2-161A-4E7B-BC74-6D2B996F248C}.Debug|Any CPU.ActiveCfg = Debug|Any CPU
		{C09123A2-161A-4E7B-BC74-6D2B996F248C}.Debug|Any CPU.Build.0 = Debug|Any CPU
		{C09123A2-161A-4E7B-BC74-6D2B996F248C}.Debug|Mixed Platforms.ActiveCfg = Debug|Any CPU
		{C09123A2-161A-4E7B-BC74-6D2B996F248C}.Debug|Mixed Platforms.Build.0 = Debug|Any CPU
		{C09123A2-161A-4E7B-BC74-6D2B996F248C}.Debug|x86.ActiveCfg = Debug|Any CPU
		{C09123A2-161A-4E7B-BC74-6D2B996F248C}.Release|Any CPU.ActiveCfg = Release|Any CPU
		{C09123A2-161A-4E7B-BC74-6D2B996F248C}.Release|Any CPU.Build.0 = Release|Any CPU
		{C09123A2-161A-4E7B-BC74-6D2B996F248C}.Release|Mixed Platforms.ActiveCfg = Release|Any CPU
		{C09123A2-161A-4E7B-BC74-6D2B996F248C}.Release|Mixed Platforms.Build.0 = Release|Any CPU
		{C09123A2-161A-4E7B-BC74-6D2B996F248C}.Release|x86.ActiveCfg = Release|Any CPU
		{25C9C86F-7DB3-4A5B-BABF-3343AA9A5246}.Debug|Any CPU.ActiveCfg = Debug|Any CPU
		{25C9C86F-7DB3-4A5B-BABF-3343AA9A5246}.Debug|Any CPU.Build.0 = Debug|Any CPU
		{25C9C86F-7DB3-4A5B-BABF-3343AA9A5246}.Debug|Mixed Platforms.ActiveCfg = Debug|Any CPU
		{25C9C86F-7DB3-4A5B-BABF-3343AA9A5246}.Debug|Mixed Platforms.Build.0 = Debug|Any CPU
		{25C9C86F-7DB3-4A5B-BABF-3343AA9A5246}.Debug|x86.ActiveCfg = Debug|Any CPU
		{25C9C86F-7DB3-4A5B-BABF-3343AA9A5246}.Release|Any CPU.ActiveCfg = Release|Any CPU
		{25C9C86F-7DB3-4A5B-BABF-3343AA9A5246}.Release|Any CPU.Build.0 = Release|Any CPU
		{25C9C86F-7DB3-4A5B-BABF-3343AA9A5246}.Release|Mixed Platforms.ActiveCfg = Release|Any CPU
		{25C9C86F-7DB3-4A5B-BABF-3343AA9A5246}.Release|Mixed Platforms.Build.0 = Release|Any CPU
		{25C9C86F-7DB3-4A5B-BABF-3343AA9A5246}.Release|x86.ActiveCfg = Release|Any CPU
		{A821C77A-C071-4A62-BC17-B09E50E322AB}.Debug|Any CPU.ActiveCfg = Debug|Any CPU
		{A821C77A-C071-4A62-BC17-B09E50E322AB}.Debug|Any CPU.Build.0 = Debug|Any CPU
		{A821C77A-C071-4A62-BC17-B09E50E322AB}.Debug|Mixed Platforms.ActiveCfg = Debug|Any CPU
		{A821C77A-C071-4A62-BC17-B09E50E322AB}.Debug|Mixed Platforms.Build.0 = Debug|Any CPU
		{A821C77A-C071-4A62-BC17-B09E50E322AB}.Debug|x86.ActiveCfg = Debug|Any CPU
		{A821C77A-C071-4A62-BC17-B09E50E322AB}.Release|Any CPU.ActiveCfg = Release|Any CPU
		{A821C77A-C071-4A62-BC17-B09E50E322AB}.Release|Any CPU.Build.0 = Release|Any CPU
		{A821C77A-C071-4A62-BC17-B09E50E322AB}.Release|Mixed Platforms.ActiveCfg = Release|Any CPU
		{A821C77A-C071-4A62-BC17-B09E50E322AB}.Release|Mixed Platforms.Build.0 = Release|Any CPU
		{A821C77A-C071-4A62-BC17-B09E50E322AB}.Release|x86.ActiveCfg = Release|Any CPU
		{6BCA1952-7A73-4A6B-ABB3-DCBE1C25BCF0}.Debug|Any CPU.ActiveCfg = Debug|Any CPU
		{6BCA1952-7A73-4A6B-ABB3-DCBE1C25BCF0}.Debug|Any CPU.Build.0 = Debug|Any CPU
		{6BCA1952-7A73-4A6B-ABB3-DCBE1C25BCF0}.Debug|Mixed Platforms.ActiveCfg = Debug|Any CPU
		{6BCA1952-7A73-4A6B-ABB3-DCBE1C25BCF0}.Debug|Mixed Platforms.Build.0 = Debug|Any CPU
		{6BCA1952-7A73-4A6B-ABB3-DCBE1C25BCF0}.Debug|x86.ActiveCfg = Debug|Any CPU
		{6BCA1952-7A73-4A6B-ABB3-DCBE1C25BCF0}.Release|Any CPU.ActiveCfg = Release|Any CPU
		{6BCA1952-7A73-4A6B-ABB3-DCBE1C25BCF0}.Release|Any CPU.Build.0 = Release|Any CPU
		{6BCA1952-7A73-4A6B-ABB3-DCBE1C25BCF0}.Release|Mixed Platforms.ActiveCfg = Release|Any CPU
		{6BCA1952-7A73-4A6B-ABB3-DCBE1C25BCF0}.Release|Mixed Platforms.Build.0 = Release|Any CPU
		{6BCA1952-7A73-4A6B-ABB3-DCBE1C25BCF0}.Release|x86.ActiveCfg = Release|Any CPU
	EndGlobalSection
	GlobalSection(SolutionProperties) = preSolution
		HideSolutionNode = FALSE
	EndGlobalSection
	GlobalSection(ExtensibilityGlobals) = postSolution
		SolutionGuid = {6D37CA0E-1B8D-4BC7-A2EF-10B28CEF8E63}
	EndGlobalSection
	GlobalSection(TestCaseManagementSettings) = postSolution
		CategoryFile = XGamer.vsmdi
	EndGlobalSection
EndGlobal
